
Microsoft Visual Studio Solution File, Format Version 12.00
# Visual Studio 15
VisualStudioVersion = 15.0.28307.329
MinimumVisualStudioVersion = 10.0.40219.1
Project("{2150E333-8FDC-42A3-9474-1A3956D46DE8}") = "Solution Items", "Solution Items", "{FC36B646-AEF1-43D4-9EF4-A520468E47CF}"
EndProject
Project("{2150E333-8FDC-42A3-9474-1A3956D46DE8}") = "Src", "Src", "{02D811D9-50A6-4CC7-B502-DF0DFD99A784}"
EndProject
Project("{2150E333-8FDC-42A3-9474-1A3956D46DE8}") = "Test", "Test", "{976FCFAE-7E55-4F1E-8C69-907D990EC31D}"
EndProject
Project("{2150E333-8FDC-42A3-9474-1A3956D46DE8}") = "ApiGateways", "ApiGateways", "{EC877DE9-FF03-4D04-A1CC-3F2171327AB3}"
EndProject
Project("{2150E333-8FDC-42A3-9474-1A3956D46DE8}") = "BuildingBlocks", "BuildingBlocks", "{1E2052AD-122D-4933-B805-A2D54FC3F3C5}"
EndProject
Project("{2150E333-8FDC-42A3-9474-1A3956D46DE8}") = "EventBus", "EventBus", "{CEA79A07-F633-4FDC-A06C-C0E4267F4F64}"
EndProject
Project("{2150E333-8FDC-42A3-9474-1A3956D46DE8}") = "Services", "Services", "{D0F0A038-6851-45DA-A0E1-FF05C6E6FA4F}"
EndProject
Project("{2150E333-8FDC-42A3-9474-1A3956D46DE8}") = "Catalog", "Catalog", "{D8FEF021-1E9C-482C-A58D-FBFF80BE1229}"
EndProject
Project("{2150E333-8FDC-42A3-9474-1A3956D46DE8}") = "Identity", "Identity", "{6D1ECDB6-435C-43B2-AAAA-BA06163F089C}"
EndProject
Project("{2150E333-8FDC-42A3-9474-1A3956D46DE8}") = "Ordering", "Ordering", "{4ED2CDB5-044C-4B25-B341-396B3DB0F251}"
EndProject
Project("{2150E333-8FDC-42A3-9474-1A3956D46DE8}") = "Location", "Location", "{F03C46C0-BE5A-4214-A10C-C405A7499030}"
EndProject
Project("{2150E333-8FDC-42A3-9474-1A3956D46DE8}") = "Users", "Users", "{914E8802-1C2D-4AE2-8144-C80956011509}"
EndProject
Project("{2150E333-8FDC-42A3-9474-1A3956D46DE8}") = "Managers", "Managers", "{27F998C4-F38E-45A7-B1E1-DE4788AD2B8A}"
EndProject
Project("{2150E333-8FDC-42A3-9474-1A3956D46DE8}") = "Catalog.Test", "Catalog.Test", "{F65909E3-9C52-4F5B-B8CE-C4DA12182E36}"
EndProject
Project("{9A19103F-16F7-4668-BE54-9A1E7A4F7556}") = "Catalog.Storage", "Src\Services\Catalog\Catalog.Storage\Catalog.Storage.csproj", "{505E1E7C-1BCD-4C9B-8B31-4161DDFF4482}"
EndProject
Project("{FAE04EC0-301F-11D3-BF4B-00C04F79EFBC}") = "Catalog.API", "Src\Services\Catalog\Catalog.API\Catalog.API\Catalog.API.csproj", "{791EE0C8-6C71-4E13-B16D-E0E67E1D8232}"
EndProject
Project("{FAE04EC0-301F-11D3-BF4B-00C04F79EFBC}") = "Identity.API", "Src\Services\Identity\Identity.API\Identity.API\Identity.API.csproj", "{DE039DA3-1085-444D-BA31-641C420E7F67}"
EndProject
Project("{FAE04EC0-301F-11D3-BF4B-00C04F79EFBC}") = "Locations.API", "Src\Services\Location\Locations.API\Locations.API\Locations.API.csproj", "{96638D8F-39F8-44C7-BE6D-0935FB0E5101}"
EndProject
Project("{FAE04EC0-301F-11D3-BF4B-00C04F79EFBC}") = "Managers.API", "Src\Services\Managers\Managers.API\Managers.API.csproj", "{6D2BA3EB-DB66-4EAF-8EB7-85E372321C78}"
EndProject
Project("{FAE04EC0-301F-11D3-BF4B-00C04F79EFBC}") = "Ordering.API", "Src\Services\Ordering\Ordering.API\Ordering.API.csproj", "{21002F3F-F413-48AF-94F2-F3BE30F382E5}"
EndProject
Project("{FAE04EC0-301F-11D3-BF4B-00C04F79EFBC}") = "Users.API", "Src\Services\Users\Users.API\Users.API\Users.API.csproj", "{6014DF4F-7129-4D9F-80BC-2BBC74F99D36}"
EndProject
Project("{2150E333-8FDC-42A3-9474-1A3956D46DE8}") = "Web Apps", "Web Apps", "{A87246DB-3AB6-4FC5-92A5-FFA04A34C849}"
EndProject
Global
	GlobalSection(SolutionConfigurationPlatforms) = preSolution
		Debug|Any CPU = Debug|Any CPU
		Release|Any CPU = Release|Any CPU
	EndGlobalSection
	GlobalSection(ProjectConfigurationPlatforms) = postSolution
		{505E1E7C-1BCD-4C9B-8B31-4161DDFF4482}.Debug|Any CPU.ActiveCfg = Debug|Any CPU
		{505E1E7C-1BCD-4C9B-8B31-4161DDFF4482}.Debug|Any CPU.Build.0 = Debug|Any CPU
		{505E1E7C-1BCD-4C9B-8B31-4161DDFF4482}.Release|Any CPU.ActiveCfg = Release|Any CPU
		{505E1E7C-1BCD-4C9B-8B31-4161DDFF4482}.Release|Any CPU.Build.0 = Release|Any CPU
		{791EE0C8-6C71-4E13-B16D-E0E67E1D8232}.Debug|Any CPU.ActiveCfg = Debug|Any CPU
		{791EE0C8-6C71-4E13-B16D-E0E67E1D8232}.Debug|Any CPU.Build.0 = Debug|Any CPU
		{791EE0C8-6C71-4E13-B16D-E0E67E1D8232}.Release|Any CPU.ActiveCfg = Release|Any CPU
		{791EE0C8-6C71-4E13-B16D-E0E67E1D8232}.Release|Any CPU.Build.0 = Release|Any CPU
		{DE039DA3-1085-444D-BA31-641C420E7F67}.Debug|Any CPU.ActiveCfg = Debug|Any CPU
		{DE039DA3-1085-444D-BA31-641C420E7F67}.Debug|Any CPU.Build.0 = Debug|Any CPU
		{DE039DA3-1085-444D-BA31-641C420E7F67}.Release|Any CPU.ActiveCfg = Release|Any CPU
		{DE039DA3-1085-444D-BA31-641C420E7F67}.Release|Any CPU.Build.0 = Release|Any CPU
		{96638D8F-39F8-44C7-BE6D-0935FB0E5101}.Debug|Any CPU.ActiveCfg = Debug|Any CPU
		{96638D8F-39F8-44C7-BE6D-0935FB0E5101}.Debug|Any CPU.Build.0 = Debug|Any CPU
		{96638D8F-39F8-44C7-BE6D-0935FB0E5101}.Release|Any CPU.ActiveCfg = Release|Any CPU
		{96638D8F-39F8-44C7-BE6D-0935FB0E5101}.Release|Any CPU.Build.0 = Release|Any CPU
		{6D2BA3EB-DB66-4EAF-8EB7-85E372321C78}.Debug|Any CPU.ActiveCfg = Debug|Any CPU
		{6D2BA3EB-DB66-4EAF-8EB7-85E372321C78}.Debug|Any CPU.Build.0 = Debug|Any CPU
		{6D2BA3EB-DB66-4EAF-8EB7-85E372321C78}.Release|Any CPU.ActiveCfg = Release|Any CPU
		{6D2BA3EB-DB66-4EAF-8EB7-85E372321C78}.Release|Any CPU.Build.0 = Release|Any CPU
		{21002F3F-F413-48AF-94F2-F3BE30F382E5}.Debug|Any CPU.ActiveCfg = Debug|Any CPU
		{21002F3F-F413-48AF-94F2-F3BE30F382E5}.Debug|Any CPU.Build.0 = Debug|Any CPU
		{21002F3F-F413-48AF-94F2-F3BE30F382E5}.Release|Any CPU.ActiveCfg = Release|Any CPU
		{21002F3F-F413-48AF-94F2-F3BE30F382E5}.Release|Any CPU.Build.0 = Release|Any CPU
		{6014DF4F-7129-4D9F-80BC-2BBC74F99D36}.Debug|Any CPU.ActiveCfg = Debug|Any CPU
		{6014DF4F-7129-4D9F-80BC-2BBC74F99D36}.Debug|Any CPU.Build.0 = Debug|Any CPU
		{6014DF4F-7129-4D9F-80BC-2BBC74F99D36}.Release|Any CPU.ActiveCfg = Release|Any CPU
		{6014DF4F-7129-4D9F-80BC-2BBC74F99D36}.Release|Any CPU.Build.0 = Release|Any CPU
	EndGlobalSection
	GlobalSection(SolutionProperties) = preSolution
		HideSolutionNode = FALSE
	EndGlobalSection
	GlobalSection(NestedProjects) = preSolution
		{EC877DE9-FF03-4D04-A1CC-3F2171327AB3} = {02D811D9-50A6-4CC7-B502-DF0DFD99A784}
		{1E2052AD-122D-4933-B805-A2D54FC3F3C5} = {02D811D9-50A6-4CC7-B502-DF0DFD99A784}
		{CEA79A07-F633-4FDC-A06C-C0E4267F4F64} = {1E2052AD-122D-4933-B805-A2D54FC3F3C5}
		{D0F0A038-6851-45DA-A0E1-FF05C6E6FA4F} = {02D811D9-50A6-4CC7-B502-DF0DFD99A784}
		{D8FEF021-1E9C-482C-A58D-FBFF80BE1229} = {D0F0A038-6851-45DA-A0E1-FF05C6E6FA4F}
		{6D1ECDB6-435C-43B2-AAAA-BA06163F089C} = {D0F0A038-6851-45DA-A0E1-FF05C6E6FA4F}
		{4ED2CDB5-044C-4B25-B341-396B3DB0F251} = {D0F0A038-6851-45DA-A0E1-FF05C6E6FA4F}
		{F03C46C0-BE5A-4214-A10C-C405A7499030} = {D0F0A038-6851-45DA-A0E1-FF05C6E6FA4F}
		{914E8802-1C2D-4AE2-8144-C80956011509} = {D0F0A038-6851-45DA-A0E1-FF05C6E6FA4F}
		{27F998C4-F38E-45A7-B1E1-DE4788AD2B8A} = {D0F0A038-6851-45DA-A0E1-FF05C6E6FA4F}
		{F65909E3-9C52-4F5B-B8CE-C4DA12182E36} = {D8FEF021-1E9C-482C-A58D-FBFF80BE1229}
		{505E1E7C-1BCD-4C9B-8B31-4161DDFF4482} = {D8FEF021-1E9C-482C-A58D-FBFF80BE1229}
		{791EE0C8-6C71-4E13-B16D-E0E67E1D8232} = {D8FEF021-1E9C-482C-A58D-FBFF80BE1229}
		{DE039DA3-1085-444D-BA31-641C420E7F67} = {6D1ECDB6-435C-43B2-AAAA-BA06163F089C}
		{96638D8F-39F8-44C7-BE6D-0935FB0E5101} = {F03C46C0-BE5A-4214-A10C-C405A7499030}
		{6D2BA3EB-DB66-4EAF-8EB7-85E372321C78} = {27F998C4-F38E-45A7-B1E1-DE4788AD2B8A}
		{21002F3F-F413-48AF-94F2-F3BE30F382E5} = {4ED2CDB5-044C-4B25-B341-396B3DB0F251}
		{6014DF4F-7129-4D9F-80BC-2BBC74F99D36} = {914E8802-1C2D-4AE2-8144-C80956011509}
		{A87246DB-3AB6-4FC5-92A5-FFA04A34C849} = {02D811D9-50A6-4CC7-B502-DF0DFD99A784}
	EndGlobalSection
	GlobalSection(ExtensibilityGlobals) = postSolution
		SolutionGuid = {2C2177A3-373E-45EE-A46F-F8DDF7D3D4ED}
	EndGlobalSection
EndGlobal
